// !$*UTF8*$!
{
	archiveVersion = 1;
	classes = {
	};
	objectVersion = 50;
	objects = {

/* Begin PBXBuildFile section */
		8C6255BF24F0547C008FFD9D /* AppDelegate.swift in Sources */ = {isa = PBXBuildFile; fileRef = 8C6255BE24F0547C008FFD9D /* AppDelegate.swift */; };
		8C6255C124F0547C008FFD9D /* SceneDelegate.swift in Sources */ = {isa = PBXBuildFile; fileRef = 8C6255C024F0547C008FFD9D /* SceneDelegate.swift */; };
		8C6255C324F0547C008FFD9D /* ViewController.swift in Sources */ = {isa = PBXBuildFile; fileRef = 8C6255C224F0547C008FFD9D /* ViewController.swift */; };
		8C6255C624F0547C008FFD9D /* Main.storyboard in Resources */ = {isa = PBXBuildFile; fileRef = 8C6255C424F0547C008FFD9D /* Main.storyboard */; };
		8C6255C824F0547C008FFD9D /* Assets.xcassets in Resources */ = {isa = PBXBuildFile; fileRef = 8C6255C724F0547C008FFD9D /* Assets.xcassets */; };
		8C6255CB24F0547C008FFD9D /* LaunchScreen.storyboard in Resources */ = {isa = PBXBuildFile; fileRef = 8C6255C924F0547C008FFD9D /* LaunchScreen.storyboard */; };
		8CB5548A24F1E25800778276 /* SignUpViewCViewController.swift in Sources */ = {isa = PBXBuildFile; fileRef = 8CB5548924F1E25800778276 /* SignUpViewCViewController.swift */; };
		8CB5548C24F1E27900778276 /* LoginViewController.swift in Sources */ = {isa = PBXBuildFile; fileRef = 8CB5548B24F1E27900778276 /* LoginViewController.swift */; };
		8CB5548E24F1E28C00778276 /* HomeViewController.swift in Sources */ = {isa = PBXBuildFile; fileRef = 8CB5548D24F1E28C00778276 /* HomeViewController.swift */; };
		8CB5549224F1FF3200778276 /* Utilities.swift in Sources */ = {isa = PBXBuildFile; fileRef = 8CB5549124F1FF3200778276 /* Utilities.swift */; };
/* End PBXBuildFile section */

/* Begin PBXFileReference section */
		8C6255BB24F0547C008FFD9D /* Invoice Tracker.app */ = {isa = PBXFileReference; explicitFileType = wrapper.application; includeInIndex = 0; path = "Invoice Tracker.app"; sourceTree = BUILT_PRODUCTS_DIR; };
		8C6255BE24F0547C008FFD9D /* AppDelegate.swift */ = {isa = PBXFileReference; lastKnownFileType = sourcecode.swift; path = AppDelegate.swift; sourceTree = "<group>"; };
		8C6255C024F0547C008FFD9D /* SceneDelegate.swift */ = {isa = PBXFileReference; lastKnownFileType = sourcecode.swift; path = SceneDelegate.swift; sourceTree = "<group>"; };
		8C6255C224F0547C008FFD9D /* ViewController.swift */ = {isa = PBXFileReference; lastKnownFileType = sourcecode.swift; path = ViewController.swift; sourceTree = "<group>"; };
		8C6255C524F0547C008FFD9D /* Base */ = {isa = PBXFileReference; lastKnownFileType = file.storyboard; name = Base; path = Base.lproj/Main.storyboard; sourceTree = "<group>"; };
		8C6255C724F0547C008FFD9D /* Assets.xcassets */ = {isa = PBXFileReference; lastKnownFileType = folder.assetcatalog; path = Assets.xcassets; sourceTree = "<group>"; };
		8C6255CA24F0547C008FFD9D /* Base */ = {isa = PBXFileReference; lastKnownFileType = file.storyboard; name = Base; path = Base.lproj/LaunchScreen.storyboard; sourceTree = "<group>"; };
		8C6255CC24F0547C008FFD9D /* Info.plist */ = {isa = PBXFileReference; lastKnownFileType = text.plist.xml; path = Info.plist; sourceTree = "<group>"; };
		8CB5548924F1E25800778276 /* SignUpViewCViewController.swift */ = {isa = PBXFileReference; lastKnownFileType = sourcecode.swift; path = SignUpViewCViewController.swift; sourceTree = "<group>"; };
		8CB5548B24F1E27900778276 /* LoginViewController.swift */ = {isa = PBXFileReference; lastKnownFileType = sourcecode.swift; path = LoginViewController.swift; sourceTree = "<group>"; };
		8CB5548D24F1E28C00778276 /* HomeViewController.swift */ = {isa = PBXFileReference; lastKnownFileType = sourcecode.swift; path = HomeViewController.swift; sourceTree = "<group>"; };
		8CB5549124F1FF3200778276 /* Utilities.swift */ = {isa = PBXFileReference; fileEncoding = 4; lastKnownFileType = sourcecode.swift; path = Utilities.swift; sourceTree = "<group>"; };
/* End PBXFileReference section */

/* Begin PBXFrameworksBuildPhase section */
		8C6255B824F0547C008FFD9D /* Frameworks */ = {
			isa = PBXFrameworksBuildPhase;
			buildActionMask = 2147483647;
			files = (
			);
			runOnlyForDeploymentPostprocessing = 0;
		};
/* End PBXFrameworksBuildPhase section */

/* Begin PBXGroup section */
		8C6255B224F0547C008FFD9D = {
			isa = PBXGroup;
			children = (
				8C6255BD24F0547C008FFD9D /* Invoice Tracker */,
				8C6255BC24F0547C008FFD9D /* Products */,
			);
			sourceTree = "<group>";
		};
		8C6255BC24F0547C008FFD9D /* Products */ = {
			isa = PBXGroup;
			children = (
				8C6255BB24F0547C008FFD9D /* Invoice Tracker.app */,
			);
			name = Products;
			sourceTree = "<group>";
		};
		8C6255BD24F0547C008FFD9D /* Invoice Tracker */ = {
			isa = PBXGroup;
			children = (
				8CB5549024F1FF1800778276 /* Helpers */,
				8C6255BE24F0547C008FFD9D /* AppDelegate.swift */,
				8C6255C024F0547C008FFD9D /* SceneDelegate.swift */,
				8CB5548F24F1E29300778276 /* View Controllers */,
				8C6255C424F0547C008FFD9D /* Main.storyboard */,
				8C6255C724F0547C008FFD9D /* Assets.xcassets */,
				8C6255C924F0547C008FFD9D /* LaunchScreen.storyboard */,
				8C6255CC24F0547C008FFD9D /* Info.plist */,
			);
			path = "Invoice Tracker";
			sourceTree = "<group>";
		};
		8CB5548F24F1E29300778276 /* View Controllers */ = {
			isa = PBXGroup;
			children = (
				8CB5548924F1E25800778276 /* SignUpViewCViewController.swift */,
				8CB5548B24F1E27900778276 /* LoginViewController.swift */,
				8CB5548D24F1E28C00778276 /* HomeViewController.swift */,
				8C6255C224F0547C008FFD9D /* ViewController.swift */,
			);
			path = "View Controllers";
			sourceTree = "<group>";
		};
		8CB5549024F1FF1800778276 /* Helpers */ = {
			isa = PBXGroup;
			children = (
				8CB5549124F1FF3200778276 /* Utilities.swift */,
			);
			path = Helpers;
			sourceTree = "<group>";
		};
/* End PBXGroup section */

/* Begin PBXNativeTarget section */
		8C6255BA24F0547C008FFD9D /* Invoice Tracker */ = {
			isa = PBXNativeTarget;
			buildConfigurationList = 8C6255CF24F0547C008FFD9D /* Build configuration list for PBXNativeTarget "Invoice Tracker" */;
			buildPhases = (
				8C6255B724F0547C008FFD9D /* Sources */,
				8C6255B824F0547C008FFD9D /* Frameworks */,
				8C6255B924F0547C008FFD9D /* Resources */,
			);
			buildRules = (
			);
			dependencies = (
			);
			name = "Invoice Tracker";
			productName = "Invoice Tracker";
			productReference = 8C6255BB24F0547C008FFD9D /* Invoice Tracker.app */;
			productType = "com.apple.product-type.application";
		};
/* End PBXNativeTarget section */

/* Begin PBXProject section */
		8C6255B324F0547C008FFD9D /* Project object */ = {
			isa = PBXProject;
			attributes = {
				LastSwiftUpdateCheck = 1160;
				LastUpgradeCheck = 1160;
				ORGANIZATIONNAME = "Abraham Rubio";
				TargetAttributes = {
					8C6255BA24F0547C008FFD9D = {
						CreatedOnToolsVersion = 11.6;
					};
				};
			};
			buildConfigurationList = 8C6255B624F0547C008FFD9D /* Build configuration list for PBXProject "Invoice Tracker" */;
			compatibilityVersion = "Xcode 9.3";
			developmentRegion = en;
			hasScannedForEncodings = 0;
			knownRegions = (
				en,
				Base,
			);
			mainGroup = 8C6255B224F0547C008FFD9D;
			productRefGroup = 8C6255BC24F0547C008FFD9D /* Products */;
			projectDirPath = "";
			projectRoot = "";
			targets = (
				8C6255BA24F0547C008FFD9D /* Invoice Tracker */,
			);
		};
/* End PBXProject section */

/* Begin PBXResourcesBuildPhase section */
		8C6255B924F0547C008FFD9D /* Resources */ = {
			isa = PBXResourcesBuildPhase;
			buildActionMask = 2147483647;
			files = (
				8C6255CB24F0547C008FFD9D /* LaunchScreen.storyboard in Resources */,
				8C6255C824F0547C008FFD9D /* Assets.xcassets in Resources */,
				8C6255C624F0547C008FFD9D /* Main.storyboard in Resources */,
			);
			runOnlyForDeploymentPostprocessing = 0;
		};
/* End PBXResourcesBuildPhase section */

/* Begin PBXSourcesBuildPhase section */
		8C6255B724F0547C008FFD9D /* Sources */ = {
			isa = PBXSourcesBuildPhase;
			buildActionMask = 2147483647;
			files = (
				8C6255C324F0547C008FFD9D /* ViewController.swift in Sources */,
				8CB5548A24F1E25800778276 /* SignUpViewCViewController.swift in Sources */,
				8CB5549224F1FF3200778276 /* Utilities.swift in Sources */,
				8C6255BF24F0547C008FFD9D /* AppDelegate.swift in Sources */,
				8CB5548C24F1E27900778276 /* LoginViewController.swift in Sources */,
				8C6255C124F0547C008FFD9D /* SceneDelegate.swift in Sources */,
				8CB5548E24F1E28C00778276 /* HomeViewController.swift in Sources */,
			);
			runOnlyForDeploymentPostprocessing = 0;
		};
/* End PBXSourcesBuildPhase section */

/* Begin PBXVariantGroup section */
		8C6255C424F0547C008FFD9D /* Main.storyboard */ = {
			isa = PBXVariantGroup;
			children = (
				8C6255C524F0547C008FFD9D /* Base */,
			);
			name = Main.storyboard;
			sourceTree = "<group>";
		};
		8C6255C924F0547C008FFD9D /* LaunchScreen.storyboard */ = {
			isa = PBXVariantGroup;
			children = (
				8C6255CA24F0547C008FFD9D /* Base */,
			);
			name = LaunchScreen.storyboard;
			sourceTree = "<group>";
		};
/* End PBXVariantGroup section */

/* Begin XCBuildConfiguration section */
		8C6255CD24F0547C008FFD9D /* Debug */ = {
			isa = XCBuildConfiguration;
			buildSettings = {
				ALWAYS_SEARCH_USER_PATHS = NO;
				CLANG_ANALYZER_NONNULL = YES;
				CLANG_ANALYZER_NUMBER_OBJECT_CONVERSION = YES_AGGRESSIVE;
				CLANG_CXX_LANGUAGE_STANDARD = "gnu++14";
				CLANG_CXX_LIBRARY = "libc++";
				CLANG_ENABLE_MODULES = YES;
				CLANG_ENABLE_OBJC_ARC = YES;
				CLANG_ENABLE_OBJC_WEAK = YES;
				CLANG_WARN_BLOCK_CAPTURE_AUTORELEASING = YES;
				CLANG_WARN_BOOL_CONVERSION = YES;
				CLANG_WARN_COMMA = YES;
				CLANG_WARN_CONSTANT_CONVERSION = YES;
				CLANG_WARN_DEPRECATED_OBJC_IMPLEMENTATIONS = YES;
				CLANG_WARN_DIRECT_OBJC_ISA_USAGE = YES_ERROR;
				CLANG_WARN_DOCUMENTATION_COMMENTS = YES;
				CLANG_WARN_EMPTY_BODY = YES;
				CLANG_WARN_ENUM_CONVERSION = YES;
				CLANG_WARN_INFINITE_RECURSION = YES;
				CLANG_WARN_INT_CONVERSION = YES;
				CLANG_WARN_NON_LITERAL_NULL_CONVERSION = YES;
				CLANG_WARN_OBJC_IMPLICIT_RETAIN_SELF = YES;
				CLANG_WARN_OBJC_LITERAL_CONVERSION = YES;
				CLANG_WARN_OBJC_ROOT_CLASS = YES_ERROR;
				CLANG_WARN_RANGE_LOOP_ANALYSIS = YES;
				CLANG_WARN_STRICT_PROTOTYPES = YES;
				CLANG_WARN_SUSPICIOUS_MOVE = YES;
				CLANG_WARN_UNGUARDED_AVAILABILITY = YES_AGGRESSIVE;
				CLANG_WARN_UNREACHABLE_CODE = YES;
				CLANG_WARN__DUPLICATE_METHOD_MATCH = YES;
				COPY_PHASE_STRIP = NO;
				DEBUG_INFORMATION_FORMAT = dwarf;
				ENABLE_STRICT_OBJC_MSGSEND = YES;
				ENABLE_TESTABILITY = YES;
				GCC_C_LANGUAGE_STANDARD = gnu11;
				GCC_DYNAMIC_NO_PIC = NO;
				GCC_NO_COMMON_BLOCKS = YES;
				GCC_OPTIMIZATION_LEVEL = 0;
				GCC_PREPROCESSOR_DEFINITIONS = (
					"DEBUG=1",
					"$(inherited)",
				);
				GCC_WARN_64_TO_32_BIT_CONVERSION = YES;
				GCC_WARN_ABOUT_RETURN_TYPE = YES_ERROR;
				GCC_WARN_UNDECLARED_SELECTOR = YES;
				GCC_WARN_UNINITIALIZED_AUTOS = YES_AGGRESSIVE;
				GCC_WARN_UNUSED_FUNCTION = YES;
				GCC_WARN_UNUSED_VARIABLE = YES;
				IPHONEOS_DEPLOYMENT_TARGET = 13.6;
				MTL_ENABLE_DEBUG_INFO = INCLUDE_SOURCE;
				MTL_FAST_MATH = YES;
				ONLY_ACTIVE_ARCH = YES;
				SDKROOT = iphoneos;
				SWIFT_ACTIVE_COMPILATION_CONDITIONS = DEBUG;
				SWIFT_OPTIMIZATION_LEVEL = "-Onone";
			};
			name = Debug;
		};
		8C6255CE24F0547C008FFD9D /* Release */ = {
			isa = XCBuildConfiguration;
			buildSettings = {
				ALWAYS_SEARCH_USER_PATHS = NO;
				CLANG_ANALYZER_NONNULL = YES;
				CLANG_ANALYZER_NUMBER_OBJECT_CONVERSION = YES_AGGRESSIVE;
				CLANG_CXX_LANGUAGE_STANDARD = "gnu++14";
				CLANG_CXX_LIBRARY = "libc++";
				CLANG_ENABLE_MODULES = YES;
				CLANG_ENABLE_OBJC_ARC = YES;
				CLANG_ENABLE_OBJC_WEAK = YES;
				CLANG_WARN_BLOCK_CAPTURE_AUTORELEASING = YES;
				CLANG_WARN_BOOL_CONVERSION = YES;
				CLANG_WARN_COMMA = YES;
				CLANG_WARN_CONSTANT_CONVERSION = YES;
				CLANG_WARN_DEPRECATED_OBJC_IMPLEMENTATIONS = YES;
				CLANG_WARN_DIRECT_OBJC_ISA_USAGE = YES_ERROR;
				CLANG_WARN_DOCUMENTATION_COMMENTS = YES;
				CLANG_WARN_EMPTY_BODY = YES;
				CLANG_WARN_ENUM_CONVERSION = YES;
				CLANG_WARN_INFINITE_RECURSION = YES;
				CLANG_WARN_INT_CONVERSION = YES;
				CLANG_WARN_NON_LITERAL_NULL_CONVERSION = YES;
				CLANG_WARN_OBJC_IMPLICIT_RETAIN_SELF = YES;
				CLANG_WARN_OBJC_LITERAL_CONVERSION = YES;
				CLANG_WARN_OBJC_ROOT_CLASS = YES_ERROR;
				CLANG_WARN_RANGE_LOOP_ANALYSIS = YES;
				CLANG_WARN_STRICT_PROTOTYPES = YES;
				CLANG_WARN_SUSPICIOUS_MOVE = YES;
				CLANG_WARN_UNGUARDED_AVAILABILITY = YES_AGGRESSIVE;
				CLANG_WARN_UNREACHABLE_CODE = YES;
				CLANG_WARN__DUPLICATE_METHOD_MATCH = YES;
				COPY_PHASE_STRIP = NO;
				DEBUG_INFORMATION_FORMAT = "dwarf-with-dsym";
				ENABLE_NS_ASSERTIONS = NO;
				ENABLE_STRICT_OBJC_MSGSEND = YES;
				GCC_C_LANGUAGE_STANDARD = gnu11;
				GCC_NO_COMMON_BLOCKS = YES;
				GCC_WARN_64_TO_32_BIT_CONVERSION = YES;
				GCC_WARN_ABOUT_RETURN_TYPE = YES_ERROR;
				GCC_WARN_UNDECLARED_SELECTOR = YES;
				GCC_WARN_UNINITIALIZED_AUTOS = YES_AGGRESSIVE;
				GCC_WARN_UNUSED_FUNCTION = YES;
				GCC_WARN_UNUSED_VARIABLE = YES;
				IPHONEOS_DEPLOYMENT_TARGET = 13.6;
				MTL_ENABLE_DEBUG_INFO = NO;
				MTL_FAST_MATH = YES;
				SDKROOT = iphoneos;
				SWIFT_COMPILATION_MODE = wholemodule;
				SWIFT_OPTIMIZATION_LEVEL = "-O";
				VALIDATE_PRODUCT = YES;
			};
			name = Release;
		};
		8C6255D024F0547C008FFD9D /* Debug */ = {
			isa = XCBuildConfiguration;
			buildSettings = {
				ASSETCATALOG_COMPILER_APPICON_NAME = AppIcon;
				CODE_SIGN_STYLE = Automatic;
				DEVELOPMENT_TEAM = U29339ARW9;
				INFOPLIST_FILE = "Invoice Tracker/Info.plist";
				LD_RUNPATH_SEARCH_PATHS = (
					"$(inherited)",
					"@executable_path/Frameworks",
				);
				PRODUCT_BUNDLE_IDENTIFIER = "com.labratapps.Invoice-Tracker";
				PRODUCT_NAME = "$(TARGET_NAME)";
				SWIFT_VERSION = 5.0;
				TARGETED_DEVICE_FAMILY = "1,2";
			};
			name = Debug;
		};
		8C6255D124F0547C008FFD9D /* Release */ = {
			isa = XCBuildConfiguration;
			buildSettings = {
				ASSETCATALOG_COMPILER_APPICON_NAME = AppIcon;
				CODE_SIGN_STYLE = Automatic;
				DEVELOPMENT_TEAM = U29339ARW9;
				INFOPLIST_FILE = "Invoice Tracker/Info.plist";
				LD_RUNPATH_SEARCH_PATHS = (
					"$(inherited)",
					"@executable_path/Frameworks",
				);
				PRODUCT_BUNDLE_IDENTIFIER = "com.labratapps.Invoice-Tracker";
				PRODUCT_NAME = "$(TARGET_NAME)";
				SWIFT_VERSION = 5.0;
				TARGETED_DEVICE_FAMILY = "1,2";
			};
			name = Release;
		};
/* End XCBuildConfiguration section */

/* Begin XCConfigurationList section */
		8C6255B624F0547C008FFD9D /* Build configuration list for PBXProject "Invoice Tracker" */ = {
			isa = XCConfigurationList;
			buildConfigurations = (
				8C6255CD24F0547C008FFD9D /* Debug */,
				8C6255CE24F0547C008FFD9D /* Release */,
			);
			defaultConfigurationIsVisible = 0;
			defaultConfigurationName = Release;
		};
		8C6255CF24F0547C008FFD9D /* Build configuration list for PBXNativeTarget "Invoice Tracker" */ = {
			isa = XCConfigurationList;
			buildConfigurations = (
				8C6255D024F0547C008FFD9D /* Debug */,
				8C6255D124F0547C008FFD9D /* Release */,
			);
			defaultConfigurationIsVisible = 0;
			defaultConfigurationName = Release;
		};
/* End XCConfigurationList section */
	};
	rootObject = 8C6255B324F0547C008FFD9D /* Project object */;
}
